
Microsoft Visual Studio Solution File, Format Version 12.00
# Visual Studio Version 16
VisualStudioVersion = 16.0.28922.388
MinimumVisualStudioVersion = 10.0.40219.1
Project("{FAE04EC0-301F-11D3-BF4B-00C04F79EFBC}") = "ListOfAdmins", "ListOfAdmins.csproj", "{5DFBE452-F11B-4CBA-A971-ED4D52EA9430}"
EndProject
Project("{FAE04EC0-301F-11D3-BF4B-00C04F79EFBC}") = "ListOfGroups", "..\ListOfGroups\ListOfGroups.csproj", "{05762D5D-E5A0-4705-82CE-A1C6FB5133C5}"
EndProject
Project("{FAE04EC0-301F-11D3-BF4B-00C04F79EFBC}") = "ListOfUsersOfVariousGroups", "..\ListOfUsersOfVariousGroups\ListOfUsersOfVariousGroups.csproj", "{90FA7266-E18C-4FF8-B0C7-CAC724CAD725}"
EndProject
Global
	GlobalSection(SolutionConfigurationPlatforms) = preSolution
		Debug|Any CPU = Debug|Any CPU
		Release|Any CPU = Release|Any CPU
	EndGlobalSection
	GlobalSection(ProjectConfigurationPlatforms) = postSolution
		{5DFBE452-F11B-4CBA-A971-ED4D52EA9430}.Debug|Any CPU.ActiveCfg = Debug|Any CPU
		{5DFBE452-F11B-4CBA-A971-ED4D52EA9430}.Debug|Any CPU.Build.0 = Debug|Any CPU
		{5DFBE452-F11B-4CBA-A971-ED4D52EA9430}.Release|Any CPU.ActiveCfg = Release|Any CPU
		{5DFBE452-F11B-4CBA-A971-ED4D52EA9430}.Release|Any CPU.Build.0 = Release|Any CPU
		{05762D5D-E5A0-4705-82CE-A1C6FB5133C5}.Debug|Any CPU.ActiveCfg = Debug|Any CPU
		{05762D5D-E5A0-4705-82CE-A1C6FB5133C5}.Debug|Any CPU.Build.0 = Debug|Any CPU
		{05762D5D-E5A0-4705-82CE-A1C6FB5133C5}.Release|Any CPU.ActiveCfg = Release|Any CPU
		{05762D5D-E5A0-4705-82CE-A1C6FB5133C5}.Release|Any CPU.Build.0 = Release|Any CPU
		{90FA7266-E18C-4FF8-B0C7-CAC724CAD725}.Debug|Any CPU.ActiveCfg = Debug|Any CPU
		{90FA7266-E18C-4FF8-B0C7-CAC724CAD725}.Debug|Any CPU.Build.0 = Debug|Any CPU
		{90FA7266-E18C-4FF8-B0C7-CAC724CAD725}.Release|Any CPU.ActiveCfg = Release|Any CPU
		{90FA7266-E18C-4FF8-B0C7-CAC724CAD725}.Release|Any CPU.Build.0 = Release|Any CPU
	EndGlobalSection
	GlobalSection(SolutionProperties) = preSolution
		HideSolutionNode = FALSE
	EndGlobalSection
	GlobalSection(ExtensibilityGlobals) = postSolution
		SolutionGuid = {3A636820-A5FC-43B3-863A-07AC2488F72A}
	EndGlobalSection
EndGlobal
