
Microsoft Visual Studio Solution File, Format Version 12.00
# Visual Studio 15
VisualStudioVersion = 15.0.28307.572
MinimumVisualStudioVersion = 10.0.40219.1
Project("{FAE04EC0-301F-11D3-BF4B-00C04F79EFBC}") = "CreateSiteCollectionFeature", "CreateSiteCollectionFeature\CreateSiteCollectionFeature.csproj", "{DDDE1FB9-DE73-4151-8326-A9D3BCB5B96D}"
EndProject
Global
	GlobalSection(SolutionConfigurationPlatforms) = preSolution
		Debug|Any CPU = Debug|Any CPU
		Release|Any CPU = Release|Any CPU
	EndGlobalSection
	GlobalSection(ProjectConfigurationPlatforms) = postSolution
		{DDDE1FB9-DE73-4151-8326-A9D3BCB5B96D}.Debug|Any CPU.ActiveCfg = Debug|Any CPU
		{DDDE1FB9-DE73-4151-8326-A9D3BCB5B96D}.Debug|Any CPU.Build.0 = Debug|Any CPU
		{DDDE1FB9-DE73-4151-8326-A9D3BCB5B96D}.Debug|Any CPU.Deploy.0 = Debug|Any CPU
		{DDDE1FB9-DE73-4151-8326-A9D3BCB5B96D}.Release|Any CPU.ActiveCfg = Release|Any CPU
		{DDDE1FB9-DE73-4151-8326-A9D3BCB5B96D}.Release|Any CPU.Build.0 = Release|Any CPU
		{DDDE1FB9-DE73-4151-8326-A9D3BCB5B96D}.Release|Any CPU.Deploy.0 = Release|Any CPU
	EndGlobalSection
	GlobalSection(SolutionProperties) = preSolution
		HideSolutionNode = FALSE
	EndGlobalSection
	GlobalSection(ExtensibilityGlobals) = postSolution
		SolutionGuid = {474E250B-F2F0-4A0B-969F-1FF49B5D7B25}
	EndGlobalSection
EndGlobal
